{
  "version": 4,
  "terraform_version": "1.9.8",
  "serial": 1729,
  "lineage": "88745fbd-c7aa-ff62-6eb6-d4c08cb22dd0",
  "outputs": {},
  "resources": [
    {
      "mode": "data",
      "type": "aws_availability_zones",
      "name": "available",
      "provider": "provider[\"registry.terraform.io/hashicorp/aws\"]",
      "instances": [
        {
          "schema_version": 0,
          "attributes": {
            "all_availability_zones": null,
            "exclude_names": null,
            "exclude_zone_ids": null,
            "filter": null,
            "group_names": [
              "us-east-1"
            ],
            "id": "us-east-1",
            "names": [
              "us-east-1a",
              "us-east-1b",
              "us-east-1c",
              "us-east-1d",
              "us-east-1e",
              "us-east-1f"
            ],
            "state": "available",
            "timeouts": null,
            "zone_ids": [
              "use1-az1",
              "use1-az2",
              "use1-az4",
              "use1-az6",
              "use1-az3",
              "use1-az5"
            ]
          },
          "sensitive_attributes": []
        }
      ]
    },
    {
      "mode": "managed",
      "type": "aws_db_subnet_group",
      "name": "lab1",
      "provider": "provider[\"registry.terraform.io/hashicorp/aws\"]",
      "instances": [
        {
          "schema_version": 0,
          "attributes": {
            "arn": "arn:aws:rds:us-east-1:292814267481:subgrp:private_subnet_group",
            "description": "Managed by Terraform",
            "id": "private_subnet_group",
            "name": "private_subnet_group",
            "name_prefix": "",
            "subnet_ids": [
              "subnet-002a88288d1eea0f0",
              "subnet-022aea5480f6c191f"
            ],
            "supported_network_types": [
              "IPV4"
            ],
            "tags": {
              "Name": "My DB subnet group"
            },
            "tags_all": {
              "Name": "My DB subnet group"
            },
            "vpc_id": "vpc-095289537c182965d"
          },
          "sensitive_attributes": [],
          "private": "bnVsbA==",
          "dependencies": [
            "aws_subnet.private_subnet_a",
            "aws_subnet.private_subnet_b",
            "aws_vpc.lab1",
            "data.aws_availability_zones.available"
          ]
        }
      ]
    }
  ],
  "check_results": null
}
